{
    "requires": true,
    "lockfileVersion": 1,
    "dependencies": {
        "@polka/url": {
            "version": "1.0.0-next.12",
            "resolved": "https://registry.npmjs.org/@polka/url/-/url-1.0.0-next.12.tgz",
            "integrity": "sha512-6RglhutqrGFMO1MNUXp95RBuYIuc8wTnMAV5MUhLmjTOy78ncwOw7RgeQ/HeymkKXRhZd0s2DNrM1rL7unk3MQ=="
        },
        "acorn": {
            "version": "8.2.4",
            "resolved": "https://registry.npmjs.org/acorn/-/acorn-8.2.4.tgz",
            "integrity": "sha512-Ibt84YwBDDA890eDiDCEqcbwvHlBvzzDkU2cGBBDDI1QWT12jTiXIOn2CIw5KK4i6N5Z2HUxwYjzriDyqaqqZg=="
        },
        "acorn-walk": {
            "version": "8.1.0",
            "resolved": "https://registry.npmjs.org/acorn-walk/-/acorn-walk-8.1.0.tgz",
            "integrity": "sha512-mjmzmv12YIG/G8JQdQuz2MUDShEJ6teYpT5bmWA4q7iwoGen8xtt3twF3OvzIUl+Q06aWIjvnwQUKvQ6TtMRjg=="
        },
        "animate.css": {
            "version": "4.1.1",
            "resolved": "https://registry.npmjs.org/animate.css/-/animate.css-4.1.1.tgz",
            "integrity": "sha512-+mRmCTv6SbCmtYJCN4faJMNFVNN5EuCTTprDTAo7YzIGji2KADmakjVA3+8mVDkZ2Bf09vayB35lSQIex2+QaQ=="
        },
        "ansi-styles": {
            "version": "4.3.0",
            "resolved": "https://registry.npmjs.org/ansi-styles/-/ansi-styles-4.3.0.tgz",
            "integrity": "sha512-zbB9rCJAT1rbjiVDb2hqKFHNYLxgtk8NURxZ3IZwD3F6NtxbXZQCnnSi1Lkx+IDohdPlFp222wVALIheZJQSEg==",
            "requires": {
                "color-convert": "^2.0.1"
            }
        },
        "chalk": {
            "version": "4.1.1",
            "resolved": "https://registry.npmjs.org/chalk/-/chalk-4.1.1.tgz",
            "integrity": "sha512-diHzdDKxcU+bAsUboHLPEDQiw0qEe0qd7SYUn3HgcFlWgbDcfLGswOHYeGrHKzG9z6UYf01d9VFMfZxPM1xZSg==",
            "requires": {
                "ansi-styles": "^4.1.0",
                "supports-color": "^7.1.0"
            }
        },
        "color-convert": {
            "version": "2.0.1",
            "resolved": "https://registry.npmjs.org/color-convert/-/color-convert-2.0.1.tgz",
            "integrity": "sha512-RRECPsj7iu/xb5oKYcsFHSppFNnsj/52OVTRKb4zP5onXwVF3zVmmToNcOfGC+CRDpfK/U584fMg38ZHCaElKQ==",
            "requires": {
                "color-name": "~1.1.4"
            }
        },
        "color-name": {
            "version": "1.1.4",
            "resolved": "https://registry.npmjs.org/color-name/-/color-name-1.1.4.tgz",
            "integrity": "sha512-dOy+3AuW3a2wNbZHIuMZpTcgjGuLU/uBL/ubcZF9OXbDo8ff4O8yVp5Bf0efS8uEoYo5q4Fx7dY9OgQGXgAsQA=="
        },
        "commander": {
            "version": "6.2.1",
            "resolved": "https://registry.npmjs.org/commander/-/commander-6.2.1.tgz",
            "integrity": "sha512-U7VdrJFnJgo4xjrHpTzu0yrHPGImdsmD95ZlgYSEajAn2JKzDhDTPG9kBTefmObL2w/ngeZnilk+OV9CG3d7UA=="
        },
        "duplexer": {
            "version": "0.1.2",
            "resolved": "https://registry.npmjs.org/duplexer/-/duplexer-0.1.2.tgz",
            "integrity": "sha512-jtD6YG370ZCIi/9GTaJKQxWTZD045+4R4hTk/x1UyoqadyJ9x9CgSi1RlVDQF8U2sxLLSnFkCaMihqljHIWgMg=="
        },
        "gzip-size": {
            "version": "6.0.0",
            "resolved": "https://registry.npmjs.org/gzip-size/-/gzip-size-6.0.0.tgz",
            "integrity": "sha512-ax7ZYomf6jqPTQ4+XCpUGyXKHk5WweS+e05MBO4/y3WJ5RkmPXNKvX+bx1behVILVwr6JSQvZAku021CHPXG3Q==",
            "requires": {
                "duplexer": "^0.1.2"
            }
        },
        "has-flag": {
            "version": "4.0.0",
            "resolved": "https://registry.npmjs.org/has-flag/-/has-flag-4.0.0.tgz",
            "integrity": "sha512-EykJT/Q1KjTWctppgIAgfSO0tKVuZUjhgMr17kqTumMl6Afv3EISleU7qZUzoXDFTAHTDC4NOoG/ZxU3EvlMPQ=="
        },
        "lodash": {
            "version": "4.17.21",
            "resolved": "https://registry.npmjs.org/lodash/-/lodash-4.17.21.tgz",
            "integrity": "sha512-v2kDEe57lecTulaDIuNTPy3Ry4gLGJ6Z1O3vE1krgXZNrsQ+LFTGHVxVjcXPs17LhbZVGedAJv8XZ1tvj5FvSg=="
        },
        "mime": {
            "version": "2.5.2",
            "resolved": "https://registry.npmjs.org/mime/-/mime-2.5.2.tgz",
            "integrity": "sha512-tqkh47FzKeCPD2PUiPB6pkbMzsCasjxAfC62/Wap5qrUWcb+sFasXUC5I3gYM5iBM8v/Qpn4UK0x+j0iHyFPDg=="
        },
        "opener": {
            "version": "1.5.2",
            "resolved": "https://registry.npmjs.org/opener/-/opener-1.5.2.tgz",
            "integrity": "sha512-ur5UIdyw5Y7yEj9wLzhqXiy6GZ3Mwx0yGI+5sMn2r0N0v3cKJvUmFH5yPP+WXh9e0xfyzyJX95D8l088DNFj7A=="
        },
        "sirv": {
            "version": "1.0.11",
            "resolved": "https://registry.npmjs.org/sirv/-/sirv-1.0.11.tgz",
            "integrity": "sha512-SR36i3/LSWja7AJNRBz4fF/Xjpn7lQFI30tZ434dIy+bitLYSP+ZEenHg36i23V2SGEz+kqjksg0uOGZ5LPiqg==",
            "requires": {
                "@polka/url": "^1.0.0-next.9",
                "mime": "^2.3.1",
                "totalist": "^1.0.0"
            }
        },
        "supports-color": {
            "version": "7.2.0",
            "resolved": "https://registry.npmjs.org/supports-color/-/supports-color-7.2.0.tgz",
            "integrity": "sha512-qpCAvRl9stuOHveKsn7HncJRvv501qIacKzQlO/+Lwxc9+0q2wLyv4Dfvt80/DPn2pqOBsJdDiogXGR9+OvwRw==",
            "requires": {
                "has-flag": "^4.0.0"
            }
        },
        "totalist": {
            "version": "1.1.0",
            "resolved": "https://registry.npmjs.org/totalist/-/totalist-1.1.0.tgz",
            "integrity": "sha512-gduQwd1rOdDMGxFG1gEvhV88Oirdo2p+KjoYFU7k2g+i7n6AFFbDQ5kMPUsW0pNbfQsB/cwXvT1i4Bue0s9g5g=="
        },
        "webpack-bundle-analyzer": {
            "version": "4.4.2",
            "resolved": "https://registry.npmjs.org/webpack-bundle-analyzer/-/webpack-bundle-analyzer-4.4.2.tgz",
            "integrity": "sha512-PIagMYhlEzFfhMYOzs5gFT55DkUdkyrJi/SxJp8EF3YMWhS+T9vvs2EoTetpk5qb6VsCq02eXTlRDOydRhDFAQ==",
            "requires": {
                "acorn": "^8.0.4",
                "acorn-walk": "^8.0.0",
                "chalk": "^4.1.0",
                "commander": "^6.2.0",
                "gzip-size": "^6.0.0",
                "lodash": "^4.17.20",
                "opener": "^1.5.2",
                "sirv": "^1.0.7",
                "ws": "^7.3.1"
            }
        },
        "ws": {
            "version": "7.4.5",
            "resolved": "https://registry.npmjs.org/ws/-/ws-7.4.5.tgz",
            "integrity": "sha512-xzyu3hFvomRfXKH8vOFMU3OguG6oOvhXMo3xsGy3xWExqaM2dxBbVxuD99O7m3ZUFMvvscsZDqxfgMaRr/Nr1g=="
        }
    }
}
