{
  "name": "oyyl-user",
  "version": "1.0.0",
  "lockfileVersion": 2,
  "requires": true,
  "packages": {
    "": {
      "version": "1.0.0",
      "license": "ISC",
      "dependencies": {
        "wx-auth": "file:../common/wx-auth"
      },
      "devDependencies": {}
    },
    "../common/wx-auth": {
      "version": "1.0.0",
      "license": "ISC"
    },
    "node_modules/wx-auth": {
      "resolved": "../common/wx-auth",
      "link": true
    }
  },
  "dependencies": {
    "wx-auth": {
      "version": "file:../common/wx-auth"
    }
  }
}
