{
  "requires": true,
  "lockfileVersion": 1,
  "dependencies": {
    "recorder-core": {
      "version": "1.1.21021500",
      "resolved": "https://registry.npmjs.org/recorder-core/-/recorder-core-1.1.21021500.tgz",
      "integrity": "sha512-V9nO/NJa6bi7ajrDZgZHGbPfFqTwlCK6l/vwMl+qpWeTKql76wqXdXlHy/xLDlIQeRkQ7F8Lp1/r9YCODLBCrw=="
    }
  }
}
